// !$*UTF8*$!
{
	archiveVersion = 1;
	classes = {
	};
	objectVersion = 56;
	objects = {

/* Begin PBXBuildFile section */
		E405E8452C30292500EB0CCB /* SpeechRecognizer.swift in Sources */ = {isa = PBXBuildFile; fileRef = E405E8442C30292500EB0CCB /* SpeechRecognizer.swift */; };
		E408F6292C5D0AA8005649ED /* SpatialView.swift in Sources */ = {isa = PBXBuildFile; fileRef = E408F6282C5D0AA8005649ED /* SpatialView.swift */; };
		E408F62B2C5D0CF4005649ED /* SpatialAudio.swift in Sources */ = {isa = PBXBuildFile; fileRef = E408F62A2C5D0CF4005649ED /* SpatialAudio.swift */; };
		E408F62D2C5D1020005649ED /* countdown.wav in Resources */ = {isa = PBXBuildFile; fileRef = E408F62C2C5D1020005649ED /* countdown.wav */; };
		E4312F652C26D2EE006AA24C /* TaCoApp.swift in Sources */ = {isa = PBXBuildFile; fileRef = E4312F642C26D2EE006AA24C /* TaCoApp.swift */; };
		E4312F692C26D2EF006AA24C /* Assets.xcassets in Resources */ = {isa = PBXBuildFile; fileRef = E4312F682C26D2EF006AA24C /* Assets.xcassets */; };
		E4312F6C2C26D2EF006AA24C /* Preview Assets.xcassets in Resources */ = {isa = PBXBuildFile; fileRef = E4312F6B2C26D2EF006AA24C /* Preview Assets.xcassets */; };
		E4312F712C26D2EF006AA24C /* TaCo.xcdatamodeld in Sources */ = {isa = PBXBuildFile; fileRef = E4312F6F2C26D2EF006AA24C /* TaCo.xcdatamodeld */; };
		E4312F7B2C26D2EF006AA24C /* TaCoTests.swift in Sources */ = {isa = PBXBuildFile; fileRef = E4312F7A2C26D2EF006AA24C /* TaCoTests.swift */; };
		E4312F852C26D2EF006AA24C /* TaCoUITests.swift in Sources */ = {isa = PBXBuildFile; fileRef = E4312F842C26D2EF006AA24C /* TaCoUITests.swift */; };
		E4312F872C26D2EF006AA24C /* TaCoUITestsLaunchTests.swift in Sources */ = {isa = PBXBuildFile; fileRef = E4312F862C26D2EF006AA24C /* TaCoUITestsLaunchTests.swift */; };
		E4312F942C26D41A006AA24C /* homeView.swift in Sources */ = {isa = PBXBuildFile; fileRef = E4312F932C26D41A006AA24C /* homeView.swift */; };
		E4312F972C26E747006AA24C /* NFCView.swift in Sources */ = {isa = PBXBuildFile; fileRef = E4312F962C26E747006AA24C /* NFCView.swift */; };
		E4312F9A2C26EB76006AA24C /* NFCReader.swift in Sources */ = {isa = PBXBuildFile; fileRef = E4312F992C26EB76006AA24C /* NFCReader.swift */; };
		E44F08AE2C5FD0D000BD57F1 /* PHASE.framework in Frameworks */ = {isa = PBXBuildFile; fileRef = E408F6302C5D30F5005649ED /* PHASE.framework */; };
		E44F08B02C5FD0D800BD57F1 /* AVFoundation.framework in Frameworks */ = {isa = PBXBuildFile; fileRef = E44F08AF2C5FD0D800BD57F1 /* AVFoundation.framework */; };
		E4D600782C62662900963029 /* CoreMotion.framework in Frameworks */ = {isa = PBXBuildFile; fileRef = E4D600772C62662900963029 /* CoreMotion.framework */; };
/* End PBXBuildFile section */

/* Begin PBXContainerItemProxy section */
		E4312F772C26D2EF006AA24C /* PBXContainerItemProxy */ = {
			isa = PBXContainerItemProxy;
			containerPortal = E4312F592C26D2EE006AA24C /* Project object */;
			proxyType = 1;
			remoteGlobalIDString = E4312F602C26D2EE006AA24C;
			remoteInfo = TaCo;
		};
		E4312F812C26D2EF006AA24C /* PBXContainerItemProxy */ = {
			isa = PBXContainerItemProxy;
			containerPortal = E4312F592C26D2EE006AA24C /* Project object */;
			proxyType = 1;
			remoteGlobalIDString = E4312F602C26D2EE006AA24C;
			remoteInfo = TaCo;
		};
/* End PBXContainerItemProxy section */

/* Begin PBXFileReference section */
		E405E8442C30292500EB0CCB /* SpeechRecognizer.swift */ = {isa = PBXFileReference; lastKnownFileType = sourcecode.swift; path = SpeechRecognizer.swift; sourceTree = "<group>"; };
		E408F6282C5D0AA8005649ED /* SpatialView.swift */ = {isa = PBXFileReference; lastKnownFileType = sourcecode.swift; path = SpatialView.swift; sourceTree = "<group>"; };
		E408F62A2C5D0CF4005649ED /* SpatialAudio.swift */ = {isa = PBXFileReference; lastKnownFileType = sourcecode.swift; path = SpatialAudio.swift; sourceTree = "<group>"; };
		E408F62C2C5D1020005649ED /* countdown.wav */ = {isa = PBXFileReference; lastKnownFileType = audio.wav; path = countdown.wav; sourceTree = "<group>"; };
		E408F6302C5D30F5005649ED /* PHASE.framework */ = {isa = PBXFileReference; lastKnownFileType = wrapper.framework; name = PHASE.framework; path = System/Library/Frameworks/PHASE.framework; sourceTree = SDKROOT; };
		E4312F612C26D2EE006AA24C /* TaCo.app */ = {isa = PBXFileReference; explicitFileType = wrapper.application; includeInIndex = 0; path = TaCo.app; sourceTree = BUILT_PRODUCTS_DIR; };
		E4312F642C26D2EE006AA24C /* TaCoApp.swift */ = {isa = PBXFileReference; lastKnownFileType = sourcecode.swift; path = TaCoApp.swift; sourceTree = "<group>"; };
		E4312F682C26D2EF006AA24C /* Assets.xcassets */ = {isa = PBXFileReference; lastKnownFileType = folder.assetcatalog; path = Assets.xcassets; sourceTree = "<group>"; };
		E4312F6B2C26D2EF006AA24C /* Preview Assets.xcassets */ = {isa = PBXFileReference; lastKnownFileType = folder.assetcatalog; path = "Preview Assets.xcassets"; sourceTree = "<group>"; };
		E4312F702C26D2EF006AA24C /* TaCo.xcdatamodel */ = {isa = PBXFileReference; lastKnownFileType = wrapper.xcdatamodel; path = TaCo.xcdatamodel; sourceTree = "<group>"; };
		E4312F762C26D2EF006AA24C /* TaCoTests.xctest */ = {isa = PBXFileReference; explicitFileType = wrapper.cfbundle; includeInIndex = 0; path = TaCoTests.xctest; sourceTree = BUILT_PRODUCTS_DIR; };
		E4312F7A2C26D2EF006AA24C /* TaCoTests.swift */ = {isa = PBXFileReference; lastKnownFileType = sourcecode.swift; path = TaCoTests.swift; sourceTree = "<group>"; };
		E4312F802C26D2EF006AA24C /* TaCoUITests.xctest */ = {isa = PBXFileReference; explicitFileType = wrapper.cfbundle; includeInIndex = 0; path = TaCoUITests.xctest; sourceTree = BUILT_PRODUCTS_DIR; };
		E4312F842C26D2EF006AA24C /* TaCoUITests.swift */ = {isa = PBXFileReference; lastKnownFileType = sourcecode.swift; path = TaCoUITests.swift; sourceTree = "<group>"; };
		E4312F862C26D2EF006AA24C /* TaCoUITestsLaunchTests.swift */ = {isa = PBXFileReference; lastKnownFileType = sourcecode.swift; path = TaCoUITestsLaunchTests.swift; sourceTree = "<group>"; };
		E4312F932C26D41A006AA24C /* homeView.swift */ = {isa = PBXFileReference; lastKnownFileType = sourcecode.swift; path = homeView.swift; sourceTree = "<group>"; };
		E4312F952C26D611006AA24C /* TaCo.entitlements */ = {isa = PBXFileReference; lastKnownFileType = text.plist.entitlements; path = TaCo.entitlements; sourceTree = "<group>"; };
		E4312F962C26E747006AA24C /* NFCView.swift */ = {isa = PBXFileReference; lastKnownFileType = sourcecode.swift; path = NFCView.swift; sourceTree = "<group>"; };
		E4312F982C26E9A9006AA24C /* Info.plist */ = {isa = PBXFileReference; lastKnownFileType = text.plist; path = Info.plist; sourceTree = "<group>"; };
		E4312F992C26EB76006AA24C /* NFCReader.swift */ = {isa = PBXFileReference; lastKnownFileType = sourcecode.swift; path = NFCReader.swift; sourceTree = "<group>"; };
		E44F08AF2C5FD0D800BD57F1 /* AVFoundation.framework */ = {isa = PBXFileReference; lastKnownFileType = wrapper.framework; name = AVFoundation.framework; path = System/Library/Frameworks/AVFoundation.framework; sourceTree = SDKROOT; };
		E4D600772C62662900963029 /* CoreMotion.framework */ = {isa = PBXFileReference; lastKnownFileType = wrapper.framework; name = CoreMotion.framework; path = System/Library/Frameworks/CoreMotion.framework; sourceTree = SDKROOT; };
/* End PBXFileReference section */

/* Begin PBXFrameworksBuildPhase section */
		E4312F5E2C26D2EE006AA24C /* Frameworks */ = {
			isa = PBXFrameworksBuildPhase;
			buildActionMask = 2147483647;
			files = (
				E4D600782C62662900963029 /* CoreMotion.framework in Frameworks */,
				E44F08B02C5FD0D800BD57F1 /* AVFoundation.framework in Frameworks */,
				E44F08AE2C5FD0D000BD57F1 /* PHASE.framework in Frameworks */,
			);
			runOnlyForDeploymentPostprocessing = 0;
		};
		E4312F732C26D2EF006AA24C /* Frameworks */ = {
			isa = PBXFrameworksBuildPhase;
			buildActionMask = 2147483647;
			files = (
			);
			runOnlyForDeploymentPostprocessing = 0;
		};
		E4312F7D2C26D2EF006AA24C /* Frameworks */ = {
			isa = PBXFrameworksBuildPhase;
			buildActionMask = 2147483647;
			files = (
			);
			runOnlyForDeploymentPostprocessing = 0;
		};
/* End PBXFrameworksBuildPhase section */

/* Begin PBXGroup section */
		E408F6262C5D0A29005649ED /* NFC */ = {
			isa = PBXGroup;
			children = (
				E405E8442C30292500EB0CCB /* SpeechRecognizer.swift */,
				E4312F962C26E747006AA24C /* NFCView.swift */,
				E4312F992C26EB76006AA24C /* NFCReader.swift */,
			);
			path = NFC;
			sourceTree = "<group>";
		};
		E408F6272C5D0A48005649ED /* SpatialAudio */ = {
			isa = PBXGroup;
			children = (
				E408F6282C5D0AA8005649ED /* SpatialView.swift */,
				E408F62A2C5D0CF4005649ED /* SpatialAudio.swift */,
			);
			path = SpatialAudio;
			sourceTree = "<group>";
		};
		E408F62E2C5D1036005649ED /* AudioFiles */ = {
			isa = PBXGroup;
			children = (
				E408F62C2C5D1020005649ED /* countdown.wav */,
			);
			path = AudioFiles;
			sourceTree = "<group>";
		};
		E408F62F2C5D30F5005649ED /* Frameworks */ = {
			isa = PBXGroup;
			children = (
				E4D600772C62662900963029 /* CoreMotion.framework */,
				E44F08AF2C5FD0D800BD57F1 /* AVFoundation.framework */,
				E408F6302C5D30F5005649ED /* PHASE.framework */,
			);
			name = Frameworks;
			sourceTree = "<group>";
		};
		E4312F582C26D2EE006AA24C = {
			isa = PBXGroup;
			children = (
				E4312F632C26D2EE006AA24C /* TaCo */,
				E4312F792C26D2EF006AA24C /* TaCoTests */,
				E4312F832C26D2EF006AA24C /* TaCoUITests */,
				E4312F622C26D2EE006AA24C /* Products */,
				E408F62F2C5D30F5005649ED /* Frameworks */,
			);
			sourceTree = "<group>";
		};
		E4312F622C26D2EE006AA24C /* Products */ = {
			isa = PBXGroup;
			children = (
				E4312F612C26D2EE006AA24C /* TaCo.app */,
				E4312F762C26D2EF006AA24C /* TaCoTests.xctest */,
				E4312F802C26D2EF006AA24C /* TaCoUITests.xctest */,
			);
			name = Products;
			sourceTree = "<group>";
		};
		E4312F632C26D2EE006AA24C /* TaCo */ = {
			isa = PBXGroup;
			children = (
				E408F62E2C5D1036005649ED /* AudioFiles */,
				E408F6272C5D0A48005649ED /* SpatialAudio */,
				E408F6262C5D0A29005649ED /* NFC */,
				E4312F982C26E9A9006AA24C /* Info.plist */,
				E4312F642C26D2EE006AA24C /* TaCoApp.swift */,
				E4312F932C26D41A006AA24C /* homeView.swift */,
				E4312F952C26D611006AA24C /* TaCo.entitlements */,
				E4312F682C26D2EF006AA24C /* Assets.xcassets */,
				E4312F6F2C26D2EF006AA24C /* TaCo.xcdatamodeld */,
				E4312F6A2C26D2EF006AA24C /* Preview Content */,
			);
			path = TaCo;
			sourceTree = "<group>";
		};
		E4312F6A2C26D2EF006AA24C /* Preview Content */ = {
			isa = PBXGroup;
			children = (
				E4312F6B2C26D2EF006AA24C /* Preview Assets.xcassets */,
			);
			path = "Preview Content";
			sourceTree = "<group>";
		};
		E4312F792C26D2EF006AA24C /* TaCoTests */ = {
			isa = PBXGroup;
			children = (
				E4312F7A2C26D2EF006AA24C /* TaCoTests.swift */,
			);
			path = TaCoTests;
			sourceTree = "<group>";
		};
		E4312F832C26D2EF006AA24C /* TaCoUITests */ = {
			isa = PBXGroup;
			children = (
				E4312F842C26D2EF006AA24C /* TaCoUITests.swift */,
				E4312F862C26D2EF006AA24C /* TaCoUITestsLaunchTests.swift */,
			);
			path = TaCoUITests;
			sourceTree = "<group>";
		};
/* End PBXGroup section */

/* Begin PBXNativeTarget section */
		E4312F602C26D2EE006AA24C /* TaCo */ = {
			isa = PBXNativeTarget;
			buildConfigurationList = E4312F8A2C26D2EF006AA24C /* Build configuration list for PBXNativeTarget "TaCo" */;
			buildPhases = (
				E4312F5D2C26D2EE006AA24C /* Sources */,
				E4312F5E2C26D2EE006AA24C /* Frameworks */,
				E4312F5F2C26D2EE006AA24C /* Resources */,
			);
			buildRules = (
			);
			dependencies = (
			);
			name = TaCo;
			productName = TaCo;
			productReference = E4312F612C26D2EE006AA24C /* TaCo.app */;
			productType = "com.apple.product-type.application";
		};
		E4312F752C26D2EF006AA24C /* TaCoTests */ = {
			isa = PBXNativeTarget;
			buildConfigurationList = E4312F8D2C26D2EF006AA24C /* Build configuration list for PBXNativeTarget "TaCoTests" */;
			buildPhases = (
				E4312F722C26D2EF006AA24C /* Sources */,
				E4312F732C26D2EF006AA24C /* Frameworks */,
				E4312F742C26D2EF006AA24C /* Resources */,
			);
			buildRules = (
			);
			dependencies = (
				E4312F782C26D2EF006AA24C /* PBXTargetDependency */,
			);
			name = TaCoTests;
			productName = TaCoTests;
			productReference = E4312F762C26D2EF006AA24C /* TaCoTests.xctest */;
			productType = "com.apple.product-type.bundle.unit-test";
		};
		E4312F7F2C26D2EF006AA24C /* TaCoUITests */ = {
			isa = PBXNativeTarget;
			buildConfigurationList = E4312F902C26D2EF006AA24C /* Build configuration list for PBXNativeTarget "TaCoUITests" */;
			buildPhases = (
				E4312F7C2C26D2EF006AA24C /* Sources */,
				E4312F7D2C26D2EF006AA24C /* Frameworks */,
				E4312F7E2C26D2EF006AA24C /* Resources */,
			);
			buildRules = (
			);
			dependencies = (
				E4312F822C26D2EF006AA24C /* PBXTargetDependency */,
			);
			name = TaCoUITests;
			productName = TaCoUITests;
			productReference = E4312F802C26D2EF006AA24C /* TaCoUITests.xctest */;
			productType = "com.apple.product-type.bundle.ui-testing";
		};
/* End PBXNativeTarget section */

/* Begin PBXProject section */
		E4312F592C26D2EE006AA24C /* Project object */ = {
			isa = PBXProject;
			attributes = {
				BuildIndependentTargetsInParallel = 1;
				LastSwiftUpdateCheck = 1530;
				LastUpgradeCheck = 1530;
				TargetAttributes = {
					E4312F602C26D2EE006AA24C = {
						CreatedOnToolsVersion = 15.3;
					};
					E4312F752C26D2EF006AA24C = {
						CreatedOnToolsVersion = 15.3;
						TestTargetID = E4312F602C26D2EE006AA24C;
					};
					E4312F7F2C26D2EF006AA24C = {
						CreatedOnToolsVersion = 15.3;
						TestTargetID = E4312F602C26D2EE006AA24C;
					};
				};
			};
			buildConfigurationList = E4312F5C2C26D2EE006AA24C /* Build configuration list for PBXProject "TaCo" */;
			compatibilityVersion = "Xcode 14.0";
			developmentRegion = en;
			hasScannedForEncodings = 0;
			knownRegions = (
				en,
				Base,
			);
			mainGroup = E4312F582C26D2EE006AA24C;
			productRefGroup = E4312F622C26D2EE006AA24C /* Products */;
			projectDirPath = "";
			projectRoot = "";
			targets = (
				E4312F602C26D2EE006AA24C /* TaCo */,
				E4312F752C26D2EF006AA24C /* TaCoTests */,
				E4312F7F2C26D2EF006AA24C /* TaCoUITests */,
			);
		};
/* End PBXProject section */

/* Begin PBXResourcesBuildPhase section */
		E4312F5F2C26D2EE006AA24C /* Resources */ = {
			isa = PBXResourcesBuildPhase;
			buildActionMask = 2147483647;
			files = (
				E4312F6C2C26D2EF006AA24C /* Preview Assets.xcassets in Resources */,
				E408F62D2C5D1020005649ED /* countdown.wav in Resources */,
				E4312F692C26D2EF006AA24C /* Assets.xcassets in Resources */,
			);
			runOnlyForDeploymentPostprocessing = 0;
		};
		E4312F742C26D2EF006AA24C /* Resources */ = {
			isa = PBXResourcesBuildPhase;
			buildActionMask = 2147483647;
			files = (
			);
			runOnlyForDeploymentPostprocessing = 0;
		};
		E4312F7E2C26D2EF006AA24C /* Resources */ = {
			isa = PBXResourcesBuildPhase;
			buildActionMask = 2147483647;
			files = (
			);
			runOnlyForDeploymentPostprocessing = 0;
		};
/* End PBXResourcesBuildPhase section */

/* Begin PBXSourcesBuildPhase section */
		E4312F5D2C26D2EE006AA24C /* Sources */ = {
			isa = PBXSourcesBuildPhase;
			buildActionMask = 2147483647;
			files = (
				E408F6292C5D0AA8005649ED /* SpatialView.swift in Sources */,
				E4312F712C26D2EF006AA24C /* TaCo.xcdatamodeld in Sources */,
				E4312F652C26D2EE006AA24C /* TaCoApp.swift in Sources */,
				E4312F972C26E747006AA24C /* NFCView.swift in Sources */,
				E4312F9A2C26EB76006AA24C /* NFCReader.swift in Sources */,
				E408F62B2C5D0CF4005649ED /* SpatialAudio.swift in Sources */,
				E4312F942C26D41A006AA24C /* homeView.swift in Sources */,
				E405E8452C30292500EB0CCB /* SpeechRecognizer.swift in Sources */,
			);
			runOnlyForDeploymentPostprocessing = 0;
		};
		E4312F722C26D2EF006AA24C /* Sources */ = {
			isa = PBXSourcesBuildPhase;
			buildActionMask = 2147483647;
			files = (
				E4312F7B2C26D2EF006AA24C /* TaCoTests.swift in Sources */,
			);
			runOnlyForDeploymentPostprocessing = 0;
		};
		E4312F7C2C26D2EF006AA24C /* Sources */ = {
			isa = PBXSourcesBuildPhase;
			buildActionMask = 2147483647;
			files = (
				E4312F852C26D2EF006AA24C /* TaCoUITests.swift in Sources */,
				E4312F872C26D2EF006AA24C /* TaCoUITestsLaunchTests.swift in Sources */,
			);
			runOnlyForDeploymentPostprocessing = 0;
		};
/* End PBXSourcesBuildPhase section */

/* Begin PBXTargetDependency section */
		E4312F782C26D2EF006AA24C /* PBXTargetDependency */ = {
			isa = PBXTargetDependency;
			target = E4312F602C26D2EE006AA24C /* TaCo */;
			targetProxy = E4312F772C26D2EF006AA24C /* PBXContainerItemProxy */;
		};
		E4312F822C26D2EF006AA24C /* PBXTargetDependency */ = {
			isa = PBXTargetDependency;
			target = E4312F602C26D2EE006AA24C /* TaCo */;
			targetProxy = E4312F812C26D2EF006AA24C /* PBXContainerItemProxy */;
		};
/* End PBXTargetDependency section */

/* Begin XCBuildConfiguration section */
		E4312F882C26D2EF006AA24C /* Debug */ = {
			isa = XCBuildConfiguration;
			buildSettings = {
				ALWAYS_SEARCH_USER_PATHS = NO;
				ASSETCATALOG_COMPILER_GENERATE_SWIFT_ASSET_SYMBOL_EXTENSIONS = YES;
				CLANG_ANALYZER_NONNULL = YES;
				CLANG_ANALYZER_NUMBER_OBJECT_CONVERSION = YES_AGGRESSIVE;
				CLANG_CXX_LANGUAGE_STANDARD = "gnu++20";
				CLANG_ENABLE_MODULES = YES;
				CLANG_ENABLE_OBJC_ARC = YES;
				CLANG_ENABLE_OBJC_WEAK = YES;
				CLANG_WARN_BLOCK_CAPTURE_AUTORELEASING = YES;
				CLANG_WARN_BOOL_CONVERSION = YES;
				CLANG_WARN_COMMA = YES;
				CLANG_WARN_CONSTANT_CONVERSION = YES;
				CLANG_WARN_DEPRECATED_OBJC_IMPLEMENTATIONS = YES;
				CLANG_WARN_DIRECT_OBJC_ISA_USAGE = YES_ERROR;
				CLANG_WARN_DOCUMENTATION_COMMENTS = YES;
				CLANG_WARN_EMPTY_BODY = YES;
				CLANG_WARN_ENUM_CONVERSION = YES;
				CLANG_WARN_INFINITE_RECURSION = YES;
				CLANG_WARN_INT_CONVERSION = YES;
				CLANG_WARN_NON_LITERAL_NULL_CONVERSION = YES;
				CLANG_WARN_OBJC_IMPLICIT_RETAIN_SELF = YES;
				CLANG_WARN_OBJC_LITERAL_CONVERSION = YES;
				CLANG_WARN_OBJC_ROOT_CLASS = YES_ERROR;
				CLANG_WARN_QUOTED_INCLUDE_IN_FRAMEWORK_HEADER = YES;
				CLANG_WARN_RANGE_LOOP_ANALYSIS = YES;
				CLANG_WARN_STRICT_PROTOTYPES = YES;
				CLANG_WARN_SUSPICIOUS_MOVE = YES;
				CLANG_WARN_UNGUARDED_AVAILABILITY = YES_AGGRESSIVE;
				CLANG_WARN_UNREACHABLE_CODE = YES;
				CLANG_WARN__DUPLICATE_METHOD_MATCH = YES;
				COPY_PHASE_STRIP = NO;
				DEBUG_INFORMATION_FORMAT = dwarf;
				ENABLE_STRICT_OBJC_MSGSEND = YES;
				ENABLE_TESTABILITY = YES;
				ENABLE_USER_SCRIPT_SANDBOXING = YES;
				GCC_C_LANGUAGE_STANDARD = gnu17;
				GCC_DYNAMIC_NO_PIC = NO;
				GCC_NO_COMMON_BLOCKS = YES;
				GCC_OPTIMIZATION_LEVEL = 0;
				GCC_PREPROCESSOR_DEFINITIONS = (
					"DEBUG=1",
					"$(inherited)",
				);
				GCC_WARN_64_TO_32_BIT_CONVERSION = YES;
				GCC_WARN_ABOUT_RETURN_TYPE = YES_ERROR;
				GCC_WARN_UNDECLARED_SELECTOR = YES;
				GCC_WARN_UNINITIALIZED_AUTOS = YES_AGGRESSIVE;
				GCC_WARN_UNUSED_FUNCTION = YES;
				GCC_WARN_UNUSED_VARIABLE = YES;
				IPHONEOS_DEPLOYMENT_TARGET = 17.4;
				LOCALIZATION_PREFERS_STRING_CATALOGS = YES;
				MTL_ENABLE_DEBUG_INFO = INCLUDE_SOURCE;
				MTL_FAST_MATH = YES;
				ONLY_ACTIVE_ARCH = YES;
				SDKROOT = iphoneos;
				SWIFT_ACTIVE_COMPILATION_CONDITIONS = "DEBUG $(inherited)";
				SWIFT_OPTIMIZATION_LEVEL = "-Onone";
			};
			name = Debug;
		};
		E4312F892C26D2EF006AA24C /* Release */ = {
			isa = XCBuildConfiguration;
			buildSettings = {
				ALWAYS_SEARCH_USER_PATHS = NO;
				ASSETCATALOG_COMPILER_GENERATE_SWIFT_ASSET_SYMBOL_EXTENSIONS = YES;
				CLANG_ANALYZER_NONNULL = YES;
				CLANG_ANALYZER_NUMBER_OBJECT_CONVERSION = YES_AGGRESSIVE;
				CLANG_CXX_LANGUAGE_STANDARD = "gnu++20";
				CLANG_ENABLE_MODULES = YES;
				CLANG_ENABLE_OBJC_ARC = YES;
				CLANG_ENABLE_OBJC_WEAK = YES;
				CLANG_WARN_BLOCK_CAPTURE_AUTORELEASING = YES;
				CLANG_WARN_BOOL_CONVERSION = YES;
				CLANG_WARN_COMMA = YES;
				CLANG_WARN_CONSTANT_CONVERSION = YES;
				CLANG_WARN_DEPRECATED_OBJC_IMPLEMENTATIONS = YES;
				CLANG_WARN_DIRECT_OBJC_ISA_USAGE = YES_ERROR;
				CLANG_WARN_DOCUMENTATION_COMMENTS = YES;
				CLANG_WARN_EMPTY_BODY = YES;
				CLANG_WARN_ENUM_CONVERSION = YES;
				CLANG_WARN_INFINITE_RECURSION = YES;
				CLANG_WARN_INT_CONVERSION = YES;
				CLANG_WARN_NON_LITERAL_NULL_CONVERSION = YES;
				CLANG_WARN_OBJC_IMPLICIT_RETAIN_SELF = YES;
				CLANG_WARN_OBJC_LITERAL_CONVERSION = YES;
				CLANG_WARN_OBJC_ROOT_CLASS = YES_ERROR;
				CLANG_WARN_QUOTED_INCLUDE_IN_FRAMEWORK_HEADER = YES;
				CLANG_WARN_RANGE_LOOP_ANALYSIS = YES;
				CLANG_WARN_STRICT_PROTOTYPES = YES;
				CLANG_WARN_SUSPICIOUS_MOVE = YES;
				CLANG_WARN_UNGUARDED_AVAILABILITY = YES_AGGRESSIVE;
				CLANG_WARN_UNREACHABLE_CODE = YES;
				CLANG_WARN__DUPLICATE_METHOD_MATCH = YES;
				COPY_PHASE_STRIP = NO;
				DEBUG_INFORMATION_FORMAT = "dwarf-with-dsym";
				ENABLE_NS_ASSERTIONS = NO;
				ENABLE_STRICT_OBJC_MSGSEND = YES;
				ENABLE_USER_SCRIPT_SANDBOXING = YES;
				GCC_C_LANGUAGE_STANDARD = gnu17;
				GCC_NO_COMMON_BLOCKS = YES;
				GCC_WARN_64_TO_32_BIT_CONVERSION = YES;
				GCC_WARN_ABOUT_RETURN_TYPE = YES_ERROR;
				GCC_WARN_UNDECLARED_SELECTOR = YES;
				GCC_WARN_UNINITIALIZED_AUTOS = YES_AGGRESSIVE;
				GCC_WARN_UNUSED_FUNCTION = YES;
				GCC_WARN_UNUSED_VARIABLE = YES;
				IPHONEOS_DEPLOYMENT_TARGET = 17.4;
				LOCALIZATION_PREFERS_STRING_CATALOGS = YES;
				MTL_ENABLE_DEBUG_INFO = NO;
				MTL_FAST_MATH = YES;
				SDKROOT = iphoneos;
				SWIFT_COMPILATION_MODE = wholemodule;
				VALIDATE_PRODUCT = YES;
			};
			name = Release;
		};
		E4312F8B2C26D2EF006AA24C /* Debug */ = {
			isa = XCBuildConfiguration;
			buildSettings = {
				ASSETCATALOG_COMPILER_APPICON_NAME = AppIcon;
				ASSETCATALOG_COMPILER_GLOBAL_ACCENT_COLOR_NAME = AccentColor;
				CODE_SIGN_ENTITLEMENTS = TaCo/TaCo.entitlements;
				CODE_SIGN_IDENTITY = "Apple Development";
				CODE_SIGN_STYLE = Automatic;
				CURRENT_PROJECT_VERSION = 1;
				DEVELOPMENT_ASSET_PATHS = "\"TaCo/Preview Content\"";
				DEVELOPMENT_TEAM = 9WS6268AT2;
				ENABLE_PREVIEWS = YES;
				GENERATE_INFOPLIST_FILE = YES;
				INFOPLIST_FILE = TaCo/Info.plist;
				INFOPLIST_KEY_CFBundleDisplayName = "";
				INFOPLIST_KEY_LSApplicationCategoryType = "";
				INFOPLIST_KEY_NFCReaderUsageDescription = "This app uses NFC to read nearby tags";
				INFOPLIST_KEY_NSBluetoothAlwaysUsageDescription = "Uses bluetooth for audio";
				INFOPLIST_KEY_NSHumanReadableCopyright = "";
				INFOPLIST_KEY_NSMicrophoneUsageDescription = "To record your audio for getting description";
				INFOPLIST_KEY_UIApplicationSceneManifest_Generation = YES;
				INFOPLIST_KEY_UIApplicationSupportsIndirectInputEvents = YES;
				INFOPLIST_KEY_UILaunchScreen_Generation = YES;
				INFOPLIST_KEY_UISupportedInterfaceOrientations_iPad = "UIInterfaceOrientationPortrait UIInterfaceOrientationPortraitUpsideDown UIInterfaceOrientationLandscapeLeft UIInterfaceOrientationLandscapeRight";
				INFOPLIST_KEY_UISupportedInterfaceOrientations_iPhone = "UIInterfaceOrientationPortrait UIInterfaceOrientationLandscapeLeft UIInterfaceOrientationLandscapeRight";
				LD_RUNPATH_SEARCH_PATHS = (
					"$(inherited)",
					"@executable_path/Frameworks",
				);
				MARKETING_VERSION = 1.0;
				PRODUCT_BUNDLE_IDENTIFIER = Harshit.TaCo;
				PRODUCT_NAME = "$(TARGET_NAME)";
				PROVISIONING_PROFILE_SPECIFIER = "";
				SWIFT_EMIT_LOC_STRINGS = YES;
				SWIFT_VERSION = 5.0;
				TARGETED_DEVICE_FAMILY = "1,2";
			};
			name = Debug;
		};
		E4312F8C2C26D2EF006AA24C /* Release */ = {
			isa = XCBuildConfiguration;
			buildSettings = {
				ASSETCATALOG_COMPILER_APPICON_NAME = AppIcon;
				ASSETCATALOG_COMPILER_GLOBAL_ACCENT_COLOR_NAME = AccentColor;
				CODE_SIGN_ENTITLEMENTS = TaCo/TaCo.entitlements;
				CODE_SIGN_IDENTITY = "Apple Development";
				CODE_SIGN_STYLE = Automatic;
				CURRENT_PROJECT_VERSION = 1;
				DEVELOPMENT_ASSET_PATHS = "\"TaCo/Preview Content\"";
				DEVELOPMENT_TEAM = 9WS6268AT2;
				ENABLE_PREVIEWS = YES;
				GENERATE_INFOPLIST_FILE = YES;
				INFOPLIST_FILE = TaCo/Info.plist;
				INFOPLIST_KEY_CFBundleDisplayName = "";
				INFOPLIST_KEY_LSApplicationCategoryType = "";
				INFOPLIST_KEY_NFCReaderUsageDescription = "This app uses NFC to read nearby tags";
				INFOPLIST_KEY_NSBluetoothAlwaysUsageDescription = "Uses bluetooth for audio";
				INFOPLIST_KEY_NSHumanReadableCopyright = "";
				INFOPLIST_KEY_NSMicrophoneUsageDescription = "To record your audio for getting description";
				INFOPLIST_KEY_UIApplicationSceneManifest_Generation = YES;
				INFOPLIST_KEY_UIApplicationSupportsIndirectInputEvents = YES;
				INFOPLIST_KEY_UILaunchScreen_Generation = YES;
				INFOPLIST_KEY_UISupportedInterfaceOrientations_iPad = "UIInterfaceOrientationPortrait UIInterfaceOrientationPortraitUpsideDown UIInterfaceOrientationLandscapeLeft UIInterfaceOrientationLandscapeRight";
				INFOPLIST_KEY_UISupportedInterfaceOrientations_iPhone = "UIInterfaceOrientationPortrait UIInterfaceOrientationLandscapeLeft UIInterfaceOrientationLandscapeRight";
				LD_RUNPATH_SEARCH_PATHS = (
					"$(inherited)",
					"@executable_path/Frameworks",
				);
				MARKETING_VERSION = 1.0;
				PRODUCT_BUNDLE_IDENTIFIER = Harshit.TaCo;
				PRODUCT_NAME = "$(TARGET_NAME)";
				PROVISIONING_PROFILE_SPECIFIER = "";
				SWIFT_EMIT_LOC_STRINGS = YES;
				SWIFT_VERSION = 5.0;
				TARGETED_DEVICE_FAMILY = "1,2";
			};
			name = Release;
		};
		E4312F8E2C26D2EF006AA24C /* Debug */ = {
			isa = XCBuildConfiguration;
			buildSettings = {
				ALWAYS_EMBED_SWIFT_STANDARD_LIBRARIES = YES;
				BUNDLE_LOADER = "$(TEST_HOST)";
				CODE_SIGN_STYLE = Automatic;
				CURRENT_PROJECT_VERSION = 1;
				DEVELOPMENT_TEAM = 9WS6268AT2;
				GENERATE_INFOPLIST_FILE = YES;
				IPHONEOS_DEPLOYMENT_TARGET = 17.4;
				MARKETING_VERSION = 1.0;
				PRODUCT_BUNDLE_IDENTIFIER = Harshit.TaCoTests;
				PRODUCT_NAME = "$(TARGET_NAME)";
				SWIFT_EMIT_LOC_STRINGS = NO;
				SWIFT_VERSION = 5.0;
				TARGETED_DEVICE_FAMILY = "1,2";
				TEST_HOST = "$(BUILT_PRODUCTS_DIR)/TaCo.app/$(BUNDLE_EXECUTABLE_FOLDER_PATH)/TaCo";
			};
			name = Debug;
		};
		E4312F8F2C26D2EF006AA24C /* Release */ = {
			isa = XCBuildConfiguration;
			buildSettings = {
				ALWAYS_EMBED_SWIFT_STANDARD_LIBRARIES = YES;
				BUNDLE_LOADER = "$(TEST_HOST)";
				CODE_SIGN_STYLE = Automatic;
				CURRENT_PROJECT_VERSION = 1;
				DEVELOPMENT_TEAM = 9WS6268AT2;
				GENERATE_INFOPLIST_FILE = YES;
				IPHONEOS_DEPLOYMENT_TARGET = 17.4;
				MARKETING_VERSION = 1.0;
				PRODUCT_BUNDLE_IDENTIFIER = Harshit.TaCoTests;
				PRODUCT_NAME = "$(TARGET_NAME)";
				SWIFT_EMIT_LOC_STRINGS = NO;
				SWIFT_VERSION = 5.0;
				TARGETED_DEVICE_FAMILY = "1,2";
				TEST_HOST = "$(BUILT_PRODUCTS_DIR)/TaCo.app/$(BUNDLE_EXECUTABLE_FOLDER_PATH)/TaCo";
			};
			name = Release;
		};
		E4312F912C26D2EF006AA24C /* Debug */ = {
			isa = XCBuildConfiguration;
			buildSettings = {
				ALWAYS_EMBED_SWIFT_STANDARD_LIBRARIES = YES;
				CODE_SIGN_STYLE = Automatic;
				CURRENT_PROJECT_VERSION = 1;
				DEVELOPMENT_TEAM = 9WS6268AT2;
				GENERATE_INFOPLIST_FILE = YES;
				MARKETING_VERSION = 1.0;
				PRODUCT_BUNDLE_IDENTIFIER = Harshit.TaCoUITests;
				PRODUCT_NAME = "$(TARGET_NAME)";
				SWIFT_EMIT_LOC_STRINGS = NO;
				SWIFT_VERSION = 5.0;
				TARGETED_DEVICE_FAMILY = "1,2";
				TEST_TARGET_NAME = TaCo;
			};
			name = Debug;
		};
		E4312F922C26D2EF006AA24C /* Release */ = {
			isa = XCBuildConfiguration;
			buildSettings = {
				ALWAYS_EMBED_SWIFT_STANDARD_LIBRARIES = YES;
				CODE_SIGN_STYLE = Automatic;
				CURRENT_PROJECT_VERSION = 1;
				DEVELOPMENT_TEAM = 9WS6268AT2;
				GENERATE_INFOPLIST_FILE = YES;
				MARKETING_VERSION = 1.0;
				PRODUCT_BUNDLE_IDENTIFIER = Harshit.TaCoUITests;
				PRODUCT_NAME = "$(TARGET_NAME)";
				SWIFT_EMIT_LOC_STRINGS = NO;
				SWIFT_VERSION = 5.0;
				TARGETED_DEVICE_FAMILY = "1,2";
				TEST_TARGET_NAME = TaCo;
			};
			name = Release;
		};
/* End XCBuildConfiguration section */

/* Begin XCConfigurationList section */
		E4312F5C2C26D2EE006AA24C /* Build configuration list for PBXProject "TaCo" */ = {
			isa = XCConfigurationList;
			buildConfigurations = (
				E4312F882C26D2EF006AA24C /* Debug */,
				E4312F892C26D2EF006AA24C /* Release */,
			);
			defaultConfigurationIsVisible = 0;
			defaultConfigurationName = Release;
		};
		E4312F8A2C26D2EF006AA24C /* Build configuration list for PBXNativeTarget "TaCo" */ = {
			isa = XCConfigurationList;
			buildConfigurations = (
				E4312F8B2C26D2EF006AA24C /* Debug */,
				E4312F8C2C26D2EF006AA24C /* Release */,
			);
			defaultConfigurationIsVisible = 0;
			defaultConfigurationName = Release;
		};
		E4312F8D2C26D2EF006AA24C /* Build configuration list for PBXNativeTarget "TaCoTests" */ = {
			isa = XCConfigurationList;
			buildConfigurations = (
				E4312F8E2C26D2EF006AA24C /* Debug */,
				E4312F8F2C26D2EF006AA24C /* Release */,
			);
			defaultConfigurationIsVisible = 0;
			defaultConfigurationName = Release;
		};
		E4312F902C26D2EF006AA24C /* Build configuration list for PBXNativeTarget "TaCoUITests" */ = {
			isa = XCConfigurationList;
			buildConfigurations = (
				E4312F912C26D2EF006AA24C /* Debug */,
				E4312F922C26D2EF006AA24C /* Release */,
			);
			defaultConfigurationIsVisible = 0;
			defaultConfigurationName = Release;
		};
/* End XCConfigurationList section */

/* Begin XCVersionGroup section */
		E4312F6F2C26D2EF006AA24C /* TaCo.xcdatamodeld */ = {
			isa = XCVersionGroup;
			children = (
				E4312F702C26D2EF006AA24C /* TaCo.xcdatamodel */,
			);
			currentVersion = E4312F702C26D2EF006AA24C /* TaCo.xcdatamodel */;
			path = TaCo.xcdatamodeld;
			sourceTree = "<group>";
			versionGroupType = wrapper.xcdatamodel;
		};
/* End XCVersionGroup section */
	};
	rootObject = E4312F592C26D2EE006AA24C /* Project object */;
}
